
Microsoft Visual Studio Solution File, Format Version 12.00
# Visual Studio Version 17
VisualStudioVersion = 17.4.32804.182
MinimumVisualStudioVersion = 10.0.40219.1
Project("{2150E333-8FDC-42A3-9474-1A3956D46DE8}") = "test", "test", "{051D16F8-54BB-482B-B2A9-47E2DA89E6DB}"
EndProject
Project("{2150E333-8FDC-42A3-9474-1A3956D46DE8}") = ".build", ".build", "{1CED3FA2-C2EF-4A83-A9D6-B5193EF46B2C}"
	ProjectSection(SolutionItems) = preProject
		.build\release.props = .build\release.props
	EndProjectSection
EndProject
Project("{2150E333-8FDC-42A3-9474-1A3956D46DE8}") = ".root", ".root", "{3A9A7517-71B4-429E-A91E-2DB7F695A363}"
	ProjectSection(SolutionItems) = preProject
		.editorconfig = .editorconfig
		.gitignore = .gitignore
		LICENSE = LICENSE
		NuGet.Config = NuGet.Config
		README.md = README.md
	EndProjectSection
EndProject
Project("{2150E333-8FDC-42A3-9474-1A3956D46DE8}") = "sample", "sample", "{53EC585B-CE9B-4E7D-B2E2-F7A9B6DA0FE7}"
EndProject
Project("{2150E333-8FDC-42A3-9474-1A3956D46DE8}") = "Solution Items", "Solution Items", "{6C3D01C4-AFF0-4AE3-ACA1-FDCDF8FD6CE1}"
	ProjectSection(SolutionItems) = preProject
		.editorconfig = .editorconfig
		README.md = README.md
	EndProjectSection
EndProject
Project("{9A19103F-16F7-4668-BE54-9A1E7A4F7556}") = "SampleInProcFunctions.V4", "sample\SampleInProcFunctions.V4\SampleInProcFunctions.V4.csproj", "{0C7F5C24-C2B2-46DC-8DB7-B58BED3DDE43}"
EndProject
Project("{9A19103F-16F7-4668-BE54-9A1E7A4F7556}") = "SampleIsolatedFunctions.V4", "sample\SampleIsolatedFunctions.V4\SampleIsolatedFunctions.V4.csproj", "{004B35A8-CD74-4E05-B601-9AFFD31427FF}"
EndProject
Project("{9A19103F-16F7-4668-BE54-9A1E7A4F7556}") = "Abstractions.Tests", "test\Abstractions.Tests\Abstractions.Tests.csproj", "{D29BBE67-EE8E-4085-A004-F12E68FD7FB6}"
EndProject
Project("{2150E333-8FDC-42A3-9474-1A3956D46DE8}") = "src", "src", "{284270FA-3689-46E6-B74C-249EA8981B78}"
EndProject
Project("{9A19103F-16F7-4668-BE54-9A1E7A4F7556}") = "DarkLoop.Azure.Functions.Authorization.Abstractions", "src\abstractions\DarkLoop.Azure.Functions.Authorization.Abstractions.csproj", "{323DA8F9-DC74-491D-9B52-8F58ABAB2B47}"
EndProject
Project("{9A19103F-16F7-4668-BE54-9A1E7A4F7556}") = "DarkLoop.Azure.Functions.Authorization.InProcess", "src\in-proc\DarkLoop.Azure.Functions.Authorization.InProcess.csproj", "{5766D189-64CA-4735-8378-5D5B529F8EB1}"
EndProject
Project("{9A19103F-16F7-4668-BE54-9A1E7A4F7556}") = "DarkLoop.Azure.Functions.Authorization.Isolated", "src\isolated\DarkLoop.Azure.Functions.Authorization.Isolated.csproj", "{05468E2C-BFCF-49A4-A083-8BEE26767FA5}"
EndProject
Project("{2150E333-8FDC-42A3-9474-1A3956D46DE8}") = ".assets", ".assets", "{2A6C3077-8AC9-49AA-919E-88B0BF1BFECA}"
	ProjectSection(SolutionItems) = preProject
		.assets\icon.png = .assets\icon.png
	EndProjectSection
EndProject
Project("{9A19103F-16F7-4668-BE54-9A1E7A4F7556}") = "Common.Tests", "test\Common.Tests\Common.Tests.csproj", "{E7143566-8DA8-4D2F-AA23-7FB0BADE229F}"
EndProject
Project("{9A19103F-16F7-4668-BE54-9A1E7A4F7556}") = "Isolated.Tests", "test\Isolated.Tests\Isolated.Tests.csproj", "{4E74E715-7549-46C4-AF0F-464C24FA00E7}"
EndProject
Project("{9A19103F-16F7-4668-BE54-9A1E7A4F7556}") = "InProc.Tests", "test\InProc.Tests\InProc.Tests.csproj", "{3E24DA59-3292-430E-B784-5FC13CAEDA5E}"
EndProject
Global
	GlobalSection(SolutionConfigurationPlatforms) = preSolution
		Debug|Any CPU = Debug|Any CPU
		Release|Any CPU = Release|Any CPU
	EndGlobalSection
	GlobalSection(ProjectConfigurationPlatforms) = postSolution
		{0C7F5C24-C2B2-46DC-8DB7-B58BED3DDE43}.Debug|Any CPU.ActiveCfg = Debug|Any CPU
		{0C7F5C24-C2B2-46DC-8DB7-B58BED3DDE43}.Debug|Any CPU.Build.0 = Debug|Any CPU
		{0C7F5C24-C2B2-46DC-8DB7-B58BED3DDE43}.Release|Any CPU.ActiveCfg = Release|Any CPU
		{0C7F5C24-C2B2-46DC-8DB7-B58BED3DDE43}.Release|Any CPU.Build.0 = Release|Any CPU
		{004B35A8-CD74-4E05-B601-9AFFD31427FF}.Debug|Any CPU.ActiveCfg = Debug|Any CPU
		{004B35A8-CD74-4E05-B601-9AFFD31427FF}.Debug|Any CPU.Build.0 = Debug|Any CPU
		{004B35A8-CD74-4E05-B601-9AFFD31427FF}.Release|Any CPU.ActiveCfg = Release|Any CPU
		{004B35A8-CD74-4E05-B601-9AFFD31427FF}.Release|Any CPU.Build.0 = Release|Any CPU
		{D29BBE67-EE8E-4085-A004-F12E68FD7FB6}.Debug|Any CPU.ActiveCfg = Debug|Any CPU
		{D29BBE67-EE8E-4085-A004-F12E68FD7FB6}.Debug|Any CPU.Build.0 = Debug|Any CPU
		{D29BBE67-EE8E-4085-A004-F12E68FD7FB6}.Release|Any CPU.ActiveCfg = Release|Any CPU
		{D29BBE67-EE8E-4085-A004-F12E68FD7FB6}.Release|Any CPU.Build.0 = Release|Any CPU
		{323DA8F9-DC74-491D-9B52-8F58ABAB2B47}.Debug|Any CPU.ActiveCfg = Debug|Any CPU
		{323DA8F9-DC74-491D-9B52-8F58ABAB2B47}.Debug|Any CPU.Build.0 = Debug|Any CPU
		{323DA8F9-DC74-491D-9B52-8F58ABAB2B47}.Release|Any CPU.ActiveCfg = Release|Any CPU
		{323DA8F9-DC74-491D-9B52-8F58ABAB2B47}.Release|Any CPU.Build.0 = Release|Any CPU
		{5766D189-64CA-4735-8378-5D5B529F8EB1}.Debug|Any CPU.ActiveCfg = Debug|Any CPU
		{5766D189-64CA-4735-8378-5D5B529F8EB1}.Debug|Any CPU.Build.0 = Debug|Any CPU
		{5766D189-64CA-4735-8378-5D5B529F8EB1}.Release|Any CPU.ActiveCfg = Release|Any CPU
		{5766D189-64CA-4735-8378-5D5B529F8EB1}.Release|Any CPU.Build.0 = Release|Any CPU
		{05468E2C-BFCF-49A4-A083-8BEE26767FA5}.Debug|Any CPU.ActiveCfg = Debug|Any CPU
		{05468E2C-BFCF-49A4-A083-8BEE26767FA5}.Debug|Any CPU.Build.0 = Debug|Any CPU
		{05468E2C-BFCF-49A4-A083-8BEE26767FA5}.Release|Any CPU.ActiveCfg = Release|Any CPU
		{05468E2C-BFCF-49A4-A083-8BEE26767FA5}.Release|Any CPU.Build.0 = Release|Any CPU
		{E7143566-8DA8-4D2F-AA23-7FB0BADE229F}.Debug|Any CPU.ActiveCfg = Debug|Any CPU
		{E7143566-8DA8-4D2F-AA23-7FB0BADE229F}.Debug|Any CPU.Build.0 = Debug|Any CPU
		{E7143566-8DA8-4D2F-AA23-7FB0BADE229F}.Release|Any CPU.ActiveCfg = Release|Any CPU
		{E7143566-8DA8-4D2F-AA23-7FB0BADE229F}.Release|Any CPU.Build.0 = Release|Any CPU
		{4E74E715-7549-46C4-AF0F-464C24FA00E7}.Debug|Any CPU.ActiveCfg = Debug|Any CPU
		{4E74E715-7549-46C4-AF0F-464C24FA00E7}.Debug|Any CPU.Build.0 = Debug|Any CPU
		{4E74E715-7549-46C4-AF0F-464C24FA00E7}.Release|Any CPU.ActiveCfg = Release|Any CPU
		{4E74E715-7549-46C4-AF0F-464C24FA00E7}.Release|Any CPU.Build.0 = Release|Any CPU
		{3E24DA59-3292-430E-B784-5FC13CAEDA5E}.Debug|Any CPU.ActiveCfg = Debug|Any CPU
		{3E24DA59-3292-430E-B784-5FC13CAEDA5E}.Debug|Any CPU.Build.0 = Debug|Any CPU
		{3E24DA59-3292-430E-B784-5FC13CAEDA5E}.Release|Any CPU.ActiveCfg = Release|Any CPU
		{3E24DA59-3292-430E-B784-5FC13CAEDA5E}.Release|Any CPU.Build.0 = Release|Any CPU
	EndGlobalSection
	GlobalSection(SolutionProperties) = preSolution
		HideSolutionNode = FALSE
	EndGlobalSection
	GlobalSection(NestedProjects) = preSolution
		{0C7F5C24-C2B2-46DC-8DB7-B58BED3DDE43} = {53EC585B-CE9B-4E7D-B2E2-F7A9B6DA0FE7}
		{004B35A8-CD74-4E05-B601-9AFFD31427FF} = {53EC585B-CE9B-4E7D-B2E2-F7A9B6DA0FE7}
		{D29BBE67-EE8E-4085-A004-F12E68FD7FB6} = {051D16F8-54BB-482B-B2A9-47E2DA89E6DB}
		{323DA8F9-DC74-491D-9B52-8F58ABAB2B47} = {284270FA-3689-46E6-B74C-249EA8981B78}
		{5766D189-64CA-4735-8378-5D5B529F8EB1} = {284270FA-3689-46E6-B74C-249EA8981B78}
		{05468E2C-BFCF-49A4-A083-8BEE26767FA5} = {284270FA-3689-46E6-B74C-249EA8981B78}
		{E7143566-8DA8-4D2F-AA23-7FB0BADE229F} = {051D16F8-54BB-482B-B2A9-47E2DA89E6DB}
		{4E74E715-7549-46C4-AF0F-464C24FA00E7} = {051D16F8-54BB-482B-B2A9-47E2DA89E6DB}
		{3E24DA59-3292-430E-B784-5FC13CAEDA5E} = {051D16F8-54BB-482B-B2A9-47E2DA89E6DB}
	EndGlobalSection
	GlobalSection(ExtensibilityGlobals) = postSolution
		SolutionGuid = {546E3A6C-060C-4630-BEEE-46A1F8715347}
	EndGlobalSection
EndGlobal
